
Microsoft Visual Studio Solution File, Format Version 12.00
# Visual Studio 15
VisualStudioVersion = 15.0.27428.2015
MinimumVisualStudioVersion = 10.0.40219.1
Project("{FAE04EC0-301F-11D3-BF4B-00C04F79EFBC}") = "AIRobot", "AIRobot\AIRobot.csproj", "{C1966ED5-64D9-4BF5-9473-BABE200F3C0E}"
EndProject
Global
	GlobalSection(SolutionConfigurationPlatforms) = preSolution
		Debug|Any CPU = Debug|Any CPU
		Release|Any CPU = Release|Any CPU
	EndGlobalSection
	GlobalSection(ProjectConfigurationPlatforms) = postSolution
		{C1966ED5-64D9-4BF5-9473-BABE200F3C0E}.Debug|Any CPU.ActiveCfg = Debug|Any CPU
		{C1966ED5-64D9-4BF5-9473-BABE200F3C0E}.Debug|Any CPU.Build.0 = Debug|Any CPU
		{C1966ED5-64D9-4BF5-9473-BABE200F3C0E}.Release|Any CPU.ActiveCfg = Release|Any CPU
		{C1966ED5-64D9-4BF5-9473-BABE200F3C0E}.Release|Any CPU.Build.0 = Release|Any CPU
	EndGlobalSection
	GlobalSection(SolutionProperties) = preSolution
		HideSolutionNode = FALSE
	EndGlobalSection
	GlobalSection(ExtensibilityGlobals) = postSolution
		SolutionGuid = {B56F4967-9B3A-47FE-9023-0F41D4F84502}
	EndGlobalSection
EndGlobal
